{
  "name": "powerplants",
  "version": "1.0.0",
  "lockfileVersion": 1,
  "dependencies": {
    "moment": {
      "version": "2.18.1",
      "resolved": "https://registry.npmjs.org/moment/-/moment-2.18.1.tgz",
      "integrity": "sha1-w2GT3Tzhwu7SrbfIAtu8d6gbHA8="
    },
    "node-datetime": {
      "version": "1.0.1",
      "resolved": "https://registry.npmjs.org/node-datetime/-/node-datetime-1.0.1.tgz",
      "integrity": "sha1-eOAVnpEhVSmeVnPeEX+YFBSbgn0="
    }
  }
}
